
Microsoft Visual Studio Solution File, Format Version 12.00
# Visual Studio 15
VisualStudioVersion = 15.0.28307.572
MinimumVisualStudioVersion = 10.0.40219.1
Project("{8BC9CEB8-8B4A-11D0-8D11-00A0C91BC942}") = "PatientManagement", "PatientManagement.vcxproj", "{637BFB0B-0660-4E74-9643-965591542148}"
EndProject
Global
	GlobalSection(SolutionConfigurationPlatforms) = preSolution
		Debug|x64 = Debug|x64
		Debug|x86 = Debug|x86
		Release|x64 = Release|x64
		Release|x86 = Release|x86
	EndGlobalSection
	GlobalSection(ProjectConfigurationPlatforms) = postSolution
		{637BFB0B-0660-4E74-9643-965591542148}.Debug|x64.ActiveCfg = Debug|x64
		{637BFB0B-0660-4E74-9643-965591542148}.Debug|x64.Build.0 = Debug|x64
		{637BFB0B-0660-4E74-9643-965591542148}.Debug|x86.ActiveCfg = Debug|Win32
		{637BFB0B-0660-4E74-9643-965591542148}.Debug|x86.Build.0 = Debug|Win32
		{637BFB0B-0660-4E74-9643-965591542148}.Release|x64.ActiveCfg = Release|x64
		{637BFB0B-0660-4E74-9643-965591542148}.Release|x64.Build.0 = Release|x64
		{637BFB0B-0660-4E74-9643-965591542148}.Release|x86.ActiveCfg = Release|Win32
		{637BFB0B-0660-4E74-9643-965591542148}.Release|x86.Build.0 = Release|Win32
	EndGlobalSection
	GlobalSection(SolutionProperties) = preSolution
		HideSolutionNode = FALSE
	EndGlobalSection
	GlobalSection(ExtensibilityGlobals) = postSolution
		SolutionGuid = {2DC0F90D-3EA7-4B8D-A32C-7E5D90F8656E}
	EndGlobalSection
EndGlobal
